// !$*UTF8*$!
{
	archiveVersion = 1;
	classes = {
	};
	objectVersion = 46;
	objects = {

/* Begin PBXBuildFile section */
		02C0231E5B292143DBFC0D41 /* Pods_kingdom.framework in Frameworks */ = {isa = PBXBuildFile; fileRef = 89F45E69DC45EBD418E3ED0E /* Pods_kingdom.framework */; };
		9A08B8741D1EBEE600CCACED /* RuleVC.swift in Sources */ = {isa = PBXBuildFile; fileRef = 9A08B8731D1EBEE600CCACED /* RuleVC.swift */; };
		9A08B8761D1EBEFE00CCACED /* WinVC.swift in Sources */ = {isa = PBXBuildFile; fileRef = 9A08B8751D1EBEFE00CCACED /* WinVC.swift */; };
		9A08B8781D1EBF0900CCACED /* LoseVC.swift in Sources */ = {isa = PBXBuildFile; fileRef = 9A08B8771D1EBF0900CCACED /* LoseVC.swift */; };
		9A08B87A1D1EBF1D00CCACED /* WaitVC.swift in Sources */ = {isa = PBXBuildFile; fileRef = 9A08B8791D1EBF1D00CCACED /* WaitVC.swift */; };
		9A08B87C1D1EBF3F00CCACED /* RunVC.swift in Sources */ = {isa = PBXBuildFile; fileRef = 9A08B87B1D1EBF3F00CCACED /* RunVC.swift */; };
		9A08B87E1D1EBF5100CCACED /* ActionVC.swift in Sources */ = {isa = PBXBuildFile; fileRef = 9A08B87D1D1EBF5100CCACED /* ActionVC.swift */; };
		9A08B8821D1F4D2400CCACED /* TopVC.swift in Sources */ = {isa = PBXBuildFile; fileRef = 9A08B8811D1F4D2400CCACED /* TopVC.swift */; };
		9A12F1CE1D28D40B00A02FA6 /* facebook.png in Resources */ = {isa = PBXBuildFile; fileRef = 9A12F1C01D28D40B00A02FA6 /* facebook.png */; };
		9A12F1CF1D28D40B00A02FA6 /* icon[0][0].png in Resources */ = {isa = PBXBuildFile; fileRef = 9A12F1C11D28D40B00A02FA6 /* icon[0][0].png */; };
		9A12F1D01D28D40B00A02FA6 /* icon[0][1].png in Resources */ = {isa = PBXBuildFile; fileRef = 9A12F1C21D28D40B00A02FA6 /* icon[0][1].png */; };
		9A12F1D11D28D40B00A02FA6 /* icon[0][2].png in Resources */ = {isa = PBXBuildFile; fileRef = 9A12F1C31D28D40B00A02FA6 /* icon[0][2].png */; };
		9A12F1D21D28D40B00A02FA6 /* icon[0][3].png in Resources */ = {isa = PBXBuildFile; fileRef = 9A12F1C41D28D40B00A02FA6 /* icon[0][3].png */; };
		9A12F1D31D28D40B00A02FA6 /* icon[1][0].png in Resources */ = {isa = PBXBuildFile; fileRef = 9A12F1C51D28D40B00A02FA6 /* icon[1][0].png */; };
		9A12F1D41D28D40B00A02FA6 /* icon[1][1].png in Resources */ = {isa = PBXBuildFile; fileRef = 9A12F1C61D28D40B00A02FA6 /* icon[1][1].png */; };
		9A12F1D51D28D40B00A02FA6 /* icon[1][2].png in Resources */ = {isa = PBXBuildFile; fileRef = 9A12F1C71D28D40B00A02FA6 /* icon[1][2].png */; };
		9A12F1D61D28D40B00A02FA6 /* icon[1][3].png in Resources */ = {isa = PBXBuildFile; fileRef = 9A12F1C81D28D40B00A02FA6 /* icon[1][3].png */; };
		9A12F1D71D28D40B00A02FA6 /* icon[2][0].png in Resources */ = {isa = PBXBuildFile; fileRef = 9A12F1C91D28D40B00A02FA6 /* icon[2][0].png */; };
		9A12F1D81D28D40B00A02FA6 /* icon[2][1].png in Resources */ = {isa = PBXBuildFile; fileRef = 9A12F1CA1D28D40B00A02FA6 /* icon[2][1].png */; };
		9A12F1D91D28D40B00A02FA6 /* icon[2][2].png in Resources */ = {isa = PBXBuildFile; fileRef = 9A12F1CB1D28D40B00A02FA6 /* icon[2][2].png */; };
		9A12F1DA1D28D40B00A02FA6 /* icon[2][3].png in Resources */ = {isa = PBXBuildFile; fileRef = 9A12F1CC1D28D40B00A02FA6 /* icon[2][3].png */; };
		9A12F1DB1D28D40B00A02FA6 /* twitter.png in Resources */ = {isa = PBXBuildFile; fileRef = 9A12F1CD1D28D40B00A02FA6 /* twitter.png */; };
		9A12F1DD1D28D54500A02FA6 /* titleLogo.png in Resources */ = {isa = PBXBuildFile; fileRef = 9A12F1DC1D28D54500A02FA6 /* titleLogo.png */; };
		9A12F1DF1D28DA7D00A02FA6 /* Button_Custom.swift in Sources */ = {isa = PBXBuildFile; fileRef = 9A12F1DE1D28DA7D00A02FA6 /* Button_Custom.swift */; };
		9A12F1E21D28DB5500A02FA6 /* Label_custom.swift in Sources */ = {isa = PBXBuildFile; fileRef = 9A12F1E11D28DB5500A02FA6 /* Label_custom.swift */; };
		9A20540F1D28F49F00AF7500 /* textfield_custom.swift in Sources */ = {isa = PBXBuildFile; fileRef = 9A20540E1D28F49F00AF7500 /* textfield_custom.swift */; };
		9A2054111D28F82400AF7500 /* scroll_custom.swift in Sources */ = {isa = PBXBuildFile; fileRef = 9A2054101D28F82400AF7500 /* scroll_custom.swift */; };
		9A818D781D1FC9060027DDFE /* CoreLocation.framework in Frameworks */ = {isa = PBXBuildFile; fileRef = 9A818D771D1FC9060027DDFE /* CoreLocation.framework */; };
		9AE9A8011D1E987300319CED /* AppDelegate.swift in Sources */ = {isa = PBXBuildFile; fileRef = 9AE9A8001D1E987300319CED /* AppDelegate.swift */; };
		9AE9A8031D1E987300319CED /* ViewController.swift in Sources */ = {isa = PBXBuildFile; fileRef = 9AE9A8021D1E987300319CED /* ViewController.swift */; };
		9AE9A8061D1E987300319CED /* Main.storyboard in Resources */ = {isa = PBXBuildFile; fileRef = 9AE9A8041D1E987300319CED /* Main.storyboard */; };
		9AE9A8081D1E987300319CED /* Assets.xcassets in Resources */ = {isa = PBXBuildFile; fileRef = 9AE9A8071D1E987300319CED /* Assets.xcassets */; };
		9AE9A80B1D1E987300319CED /* LaunchScreen.storyboard in Resources */ = {isa = PBXBuildFile; fileRef = 9AE9A8091D1E987300319CED /* LaunchScreen.storyboard */; };
		9AE9A8161D1E987300319CED /* kingdomTests.swift in Sources */ = {isa = PBXBuildFile; fileRef = 9AE9A8151D1E987300319CED /* kingdomTests.swift */; };
		9AE9A8211D1E987300319CED /* kingdomUITests.swift in Sources */ = {isa = PBXBuildFile; fileRef = 9AE9A8201D1E987300319CED /* kingdomUITests.swift */; };
		9AE9A8321D1E9B4000319CED /* newLogo.png in Resources */ = {isa = PBXBuildFile; fileRef = 9AE9A8311D1E9B4000319CED /* newLogo.png */; };
		9AFEAF021D27B4E600C808CE /* PeripheralManager.swift in Sources */ = {isa = PBXBuildFile; fileRef = 9AFEAF011D27B4E600C808CE /* PeripheralManager.swift */; };
		BCA62BB6E98033BE341F8B50 /* Pods_kingdomTests.framework in Frameworks */ = {isa = PBXBuildFile; fileRef = 656E33234F4FB65754F894D6 /* Pods_kingdomTests.framework */; };
		F94CBF0A757FA1F0AA0BAC8E /* Pods_kingdomUITests.framework in Frameworks */ = {isa = PBXBuildFile; fileRef = 9FE2B92198D69590F6CE16C8 /* Pods_kingdomUITests.framework */; };
/* End PBXBuildFile section */

/* Begin PBXContainerItemProxy section */
		9AE9A8121D1E987300319CED /* PBXContainerItemProxy */ = {
			isa = PBXContainerItemProxy;
			containerPortal = 9AE9A7F51D1E987300319CED /* Project object */;
			proxyType = 1;
			remoteGlobalIDString = 9AE9A7FC1D1E987300319CED;
			remoteInfo = kingdom;
		};
		9AE9A81D1D1E987300319CED /* PBXContainerItemProxy */ = {
			isa = PBXContainerItemProxy;
			containerPortal = 9AE9A7F51D1E987300319CED /* Project object */;
			proxyType = 1;
			remoteGlobalIDString = 9AE9A7FC1D1E987300319CED;
			remoteInfo = kingdom;
		};
/* End PBXContainerItemProxy section */

/* Begin PBXFileReference section */
		54D4A63321E39F4285FBBC77 /* Pods-kingdom.release.xcconfig */ = {isa = PBXFileReference; includeInIndex = 1; lastKnownFileType = text.xcconfig; name = "Pods-kingdom.release.xcconfig"; path = "Pods/Target Support Files/Pods-kingdom/Pods-kingdom.release.xcconfig"; sourceTree = "<group>"; };
		656E33234F4FB65754F894D6 /* Pods_kingdomTests.framework */ = {isa = PBXFileReference; explicitFileType = wrapper.framework; includeInIndex = 0; path = Pods_kingdomTests.framework; sourceTree = BUILT_PRODUCTS_DIR; };
		89F45E69DC45EBD418E3ED0E /* Pods_kingdom.framework */ = {isa = PBXFileReference; explicitFileType = wrapper.framework; includeInIndex = 0; path = Pods_kingdom.framework; sourceTree = BUILT_PRODUCTS_DIR; };
		9A08B8731D1EBEE600CCACED /* RuleVC.swift */ = {isa = PBXFileReference; fileEncoding = 4; lastKnownFileType = sourcecode.swift; path = RuleVC.swift; sourceTree = "<group>"; };
		9A08B8751D1EBEFE00CCACED /* WinVC.swift */ = {isa = PBXFileReference; fileEncoding = 4; lastKnownFileType = sourcecode.swift; path = WinVC.swift; sourceTree = "<group>"; };
		9A08B8771D1EBF0900CCACED /* LoseVC.swift */ = {isa = PBXFileReference; fileEncoding = 4; lastKnownFileType = sourcecode.swift; path = LoseVC.swift; sourceTree = "<group>"; };
		9A08B8791D1EBF1D00CCACED /* WaitVC.swift */ = {isa = PBXFileReference; fileEncoding = 4; lastKnownFileType = sourcecode.swift; path = WaitVC.swift; sourceTree = "<group>"; };
		9A08B87B1D1EBF3F00CCACED /* RunVC.swift */ = {isa = PBXFileReference; fileEncoding = 4; lastKnownFileType = sourcecode.swift; path = RunVC.swift; sourceTree = "<group>"; };
		9A08B87D1D1EBF5100CCACED /* ActionVC.swift */ = {isa = PBXFileReference; fileEncoding = 4; lastKnownFileType = sourcecode.swift; path = ActionVC.swift; sourceTree = "<group>"; };
		9A08B8811D1F4D2400CCACED /* TopVC.swift */ = {isa = PBXFileReference; fileEncoding = 4; lastKnownFileType = sourcecode.swift; path = TopVC.swift; sourceTree = "<group>"; };
		9A12F1C01D28D40B00A02FA6 /* facebook.png */ = {isa = PBXFileReference; lastKnownFileType = image.png; path = facebook.png; sourceTree = "<group>"; };
		9A12F1C11D28D40B00A02FA6 /* icon[0][0].png */ = {isa = PBXFileReference; lastKnownFileType = image.png; path = "icon[0][0].png"; sourceTree = "<group>"; };
		9A12F1C21D28D40B00A02FA6 /* icon[0][1].png */ = {isa = PBXFileReference; lastKnownFileType = image.png; path = "icon[0][1].png"; sourceTree = "<group>"; };
		9A12F1C31D28D40B00A02FA6 /* icon[0][2].png */ = {isa = PBXFileReference; lastKnownFileType = image.png; path = "icon[0][2].png"; sourceTree = "<group>"; };
		9A12F1C41D28D40B00A02FA6 /* icon[0][3].png */ = {isa = PBXFileReference; lastKnownFileType = image.png; path = "icon[0][3].png"; sourceTree = "<group>"; };
		9A12F1C51D28D40B00A02FA6 /* icon[1][0].png */ = {isa = PBXFileReference; lastKnownFileType = image.png; path = "icon[1][0].png"; sourceTree = "<group>"; };
		9A12F1C61D28D40B00A02FA6 /* icon[1][1].png */ = {isa = PBXFileReference; lastKnownFileType = image.png; path = "icon[1][1].png"; sourceTree = "<group>"; };
		9A12F1C71D28D40B00A02FA6 /* icon[1][2].png */ = {isa = PBXFileReference; lastKnownFileType = image.png; path = "icon[1][2].png"; sourceTree = "<group>"; };
		9A12F1C81D28D40B00A02FA6 /* icon[1][3].png */ = {isa = PBXFileReference; lastKnownFileType = image.png; path = "icon[1][3].png"; sourceTree = "<group>"; };
		9A12F1C91D28D40B00A02FA6 /* icon[2][0].png */ = {isa = PBXFileReference; lastKnownFileType = image.png; path = "icon[2][0].png"; sourceTree = "<group>"; };
		9A12F1CA1D28D40B00A02FA6 /* icon[2][1].png */ = {isa = PBXFileReference; lastKnownFileType = image.png; path = "icon[2][1].png"; sourceTree = "<group>"; };
		9A12F1CB1D28D40B00A02FA6 /* icon[2][2].png */ = {isa = PBXFileReference; lastKnownFileType = image.png; path = "icon[2][2].png"; sourceTree = "<group>"; };
		9A12F1CC1D28D40B00A02FA6 /* icon[2][3].png */ = {isa = PBXFileReference; lastKnownFileType = image.png; path = "icon[2][3].png"; sourceTree = "<group>"; };
		9A12F1CD1D28D40B00A02FA6 /* twitter.png */ = {isa = PBXFileReference; lastKnownFileType = image.png; path = twitter.png; sourceTree = "<group>"; };
		9A12F1DC1D28D54500A02FA6 /* titleLogo.png */ = {isa = PBXFileReference; lastKnownFileType = image.png; path = titleLogo.png; sourceTree = "<group>"; };
		9A12F1DE1D28DA7D00A02FA6 /* Button_Custom.swift */ = {isa = PBXFileReference; fileEncoding = 4; lastKnownFileType = sourcecode.swift; path = Button_Custom.swift; sourceTree = "<group>"; };
		9A12F1E11D28DB5500A02FA6 /* Label_custom.swift */ = {isa = PBXFileReference; fileEncoding = 4; lastKnownFileType = sourcecode.swift; path = Label_custom.swift; sourceTree = "<group>"; };
		9A20540E1D28F49F00AF7500 /* textfield_custom.swift */ = {isa = PBXFileReference; fileEncoding = 4; lastKnownFileType = sourcecode.swift; path = textfield_custom.swift; sourceTree = "<group>"; };
		9A2054101D28F82400AF7500 /* scroll_custom.swift */ = {isa = PBXFileReference; fileEncoding = 4; lastKnownFileType = sourcecode.swift; path = scroll_custom.swift; sourceTree = "<group>"; };
		9A3543431D224927007CA8D4 /* kingdom-Bridging-Header.h */ = {isa = PBXFileReference; lastKnownFileType = sourcecode.c.h; path = "kingdom-Bridging-Header.h"; sourceTree = "<group>"; };
		9A67F53904005CE23B97E9EA /* Pods-kingdomUITests.release.xcconfig */ = {isa = PBXFileReference; includeInIndex = 1; lastKnownFileType = text.xcconfig; name = "Pods-kingdomUITests.release.xcconfig"; path = "Pods/Target Support Files/Pods-kingdomUITests/Pods-kingdomUITests.release.xcconfig"; sourceTree = "<group>"; };
		9A818D771D1FC9060027DDFE /* CoreLocation.framework */ = {isa = PBXFileReference; lastKnownFileType = wrapper.framework; name = CoreLocation.framework; path = System/Library/Frameworks/CoreLocation.framework; sourceTree = SDKROOT; };
		9AE9A7FD1D1E987300319CED /* kingdom.app */ = {isa = PBXFileReference; explicitFileType = wrapper.application; includeInIndex = 0; path = kingdom.app; sourceTree = BUILT_PRODUCTS_DIR; };
		9AE9A8001D1E987300319CED /* AppDelegate.swift */ = {isa = PBXFileReference; lastKnownFileType = sourcecode.swift; path = AppDelegate.swift; sourceTree = "<group>"; };
		9AE9A8021D1E987300319CED /* ViewController.swift */ = {isa = PBXFileReference; lastKnownFileType = sourcecode.swift; path = ViewController.swift; sourceTree = "<group>"; };
		9AE9A8051D1E987300319CED /* Base */ = {isa = PBXFileReference; lastKnownFileType = file.storyboard; name = Base; path = Base.lproj/Main.storyboard; sourceTree = "<group>"; };
		9AE9A8071D1E987300319CED /* Assets.xcassets */ = {isa = PBXFileReference; lastKnownFileType = folder.assetcatalog; path = Assets.xcassets; sourceTree = "<group>"; };
		9AE9A80A1D1E987300319CED /* Base */ = {isa = PBXFileReference; lastKnownFileType = file.storyboard; name = Base; path = Base.lproj/LaunchScreen.storyboard; sourceTree = "<group>"; };
		9AE9A80C1D1E987300319CED /* Info.plist */ = {isa = PBXFileReference; lastKnownFileType = text.plist.xml; path = Info.plist; sourceTree = "<group>"; };
		9AE9A8111D1E987300319CED /* kingdomTests.xctest */ = {isa = PBXFileReference; explicitFileType = wrapper.cfbundle; includeInIndex = 0; path = kingdomTests.xctest; sourceTree = BUILT_PRODUCTS_DIR; };
		9AE9A8151D1E987300319CED /* kingdomTests.swift */ = {isa = PBXFileReference; lastKnownFileType = sourcecode.swift; path = kingdomTests.swift; sourceTree = "<group>"; };
		9AE9A8171D1E987300319CED /* Info.plist */ = {isa = PBXFileReference; lastKnownFileType = text.plist.xml; path = Info.plist; sourceTree = "<group>"; };
		9AE9A81C1D1E987300319CED /* kingdomUITests.xctest */ = {isa = PBXFileReference; explicitFileType = wrapper.cfbundle; includeInIndex = 0; path = kingdomUITests.xctest; sourceTree = BUILT_PRODUCTS_DIR; };
		9AE9A8201D1E987300319CED /* kingdomUITests.swift */ = {isa = PBXFileReference; lastKnownFileType = sourcecode.swift; path = kingdomUITests.swift; sourceTree = "<group>"; };
		9AE9A8221D1E987300319CED /* Info.plist */ = {isa = PBXFileReference; lastKnownFileType = text.plist.xml; path = Info.plist; sourceTree = "<group>"; };
		9AE9A8311D1E9B4000319CED /* newLogo.png */ = {isa = PBXFileReference; lastKnownFileType = image.png; path = newLogo.png; sourceTree = "<group>"; };
		9AFEAF011D27B4E600C808CE /* PeripheralManager.swift */ = {isa = PBXFileReference; fileEncoding = 4; lastKnownFileType = sourcecode.swift; path = PeripheralManager.swift; sourceTree = "<group>"; };
		9FD3CE9C9155A4B7A01E1688 /* Pods-kingdomUITests.debug.xcconfig */ = {isa = PBXFileReference; includeInIndex = 1; lastKnownFileType = text.xcconfig; name = "Pods-kingdomUITests.debug.xcconfig"; path = "Pods/Target Support Files/Pods-kingdomUITests/Pods-kingdomUITests.debug.xcconfig"; sourceTree = "<group>"; };
		9FE2B92198D69590F6CE16C8 /* Pods_kingdomUITests.framework */ = {isa = PBXFileReference; explicitFileType = wrapper.framework; includeInIndex = 0; path = Pods_kingdomUITests.framework; sourceTree = BUILT_PRODUCTS_DIR; };
		9FFD4274B3824764E53E072F /* Pods-kingdomTests.debug.xcconfig */ = {isa = PBXFileReference; includeInIndex = 1; lastKnownFileType = text.xcconfig; name = "Pods-kingdomTests.debug.xcconfig"; path = "Pods/Target Support Files/Pods-kingdomTests/Pods-kingdomTests.debug.xcconfig"; sourceTree = "<group>"; };
		AA9032F2215AE48488A1708F /* Pods-kingdom.debug.xcconfig */ = {isa = PBXFileReference; includeInIndex = 1; lastKnownFileType = text.xcconfig; name = "Pods-kingdom.debug.xcconfig"; path = "Pods/Target Support Files/Pods-kingdom/Pods-kingdom.debug.xcconfig"; sourceTree = "<group>"; };
		B0959C49D827A6E0CB8CC25D /* Pods-kingdomTests.release.xcconfig */ = {isa = PBXFileReference; includeInIndex = 1; lastKnownFileType = text.xcconfig; name = "Pods-kingdomTests.release.xcconfig"; path = "Pods/Target Support Files/Pods-kingdomTests/Pods-kingdomTests.release.xcconfig"; sourceTree = "<group>"; };
/* End PBXFileReference section */

/* Begin PBXFrameworksBuildPhase section */
		9AE9A7FA1D1E987300319CED /* Frameworks */ = {
			isa = PBXFrameworksBuildPhase;
			buildActionMask = 2147483647;
			files = (
				9A818D781D1FC9060027DDFE /* CoreLocation.framework in Frameworks */,
				02C0231E5B292143DBFC0D41 /* Pods_kingdom.framework in Frameworks */,
			);
			runOnlyForDeploymentPostprocessing = 0;
		};
		9AE9A80E1D1E987300319CED /* Frameworks */ = {
			isa = PBXFrameworksBuildPhase;
			buildActionMask = 2147483647;
			files = (
				BCA62BB6E98033BE341F8B50 /* Pods_kingdomTests.framework in Frameworks */,
			);
			runOnlyForDeploymentPostprocessing = 0;
		};
		9AE9A8191D1E987300319CED /* Frameworks */ = {
			isa = PBXFrameworksBuildPhase;
			buildActionMask = 2147483647;
			files = (
				F94CBF0A757FA1F0AA0BAC8E /* Pods_kingdomUITests.framework in Frameworks */,
			);
			runOnlyForDeploymentPostprocessing = 0;
		};
/* End PBXFrameworksBuildPhase section */

/* Begin PBXGroup section */
		03E8E5763B2C473B512A8704 /* Frameworks */ = {
			isa = PBXGroup;
			children = (
				89F45E69DC45EBD418E3ED0E /* Pods_kingdom.framework */,
				656E33234F4FB65754F894D6 /* Pods_kingdomTests.framework */,
				9FE2B92198D69590F6CE16C8 /* Pods_kingdomUITests.framework */,
			);
			name = Frameworks;
			sourceTree = "<group>";
		};
		8E5F213A442AFC58E44E090E /* Pods */ = {
			isa = PBXGroup;
			children = (
				AA9032F2215AE48488A1708F /* Pods-kingdom.debug.xcconfig */,
				54D4A63321E39F4285FBBC77 /* Pods-kingdom.release.xcconfig */,
				9FFD4274B3824764E53E072F /* Pods-kingdomTests.debug.xcconfig */,
				B0959C49D827A6E0CB8CC25D /* Pods-kingdomTests.release.xcconfig */,
				9FD3CE9C9155A4B7A01E1688 /* Pods-kingdomUITests.debug.xcconfig */,
				9A67F53904005CE23B97E9EA /* Pods-kingdomUITests.release.xcconfig */,
			);
			name = Pods;
			sourceTree = "<group>";
		};
		9A12F1BE1D28D2BB00A02FA6 /* Images */ = {
			isa = PBXGroup;
			children = (
				9A12F1DC1D28D54500A02FA6 /* titleLogo.png */,
				9A12F1BF1D28D2C800A02FA6 /* icon */,
			);
			name = Images;
			sourceTree = "<group>";
		};
		9A12F1BF1D28D2C800A02FA6 /* icon */ = {
			isa = PBXGroup;
			children = (
				9A12F1C01D28D40B00A02FA6 /* facebook.png */,
				9A12F1C11D28D40B00A02FA6 /* icon[0][0].png */,
				9A12F1C21D28D40B00A02FA6 /* icon[0][1].png */,
				9A12F1C31D28D40B00A02FA6 /* icon[0][2].png */,
				9A12F1C41D28D40B00A02FA6 /* icon[0][3].png */,
				9A12F1C51D28D40B00A02FA6 /* icon[1][0].png */,
				9A12F1C61D28D40B00A02FA6 /* icon[1][1].png */,
				9A12F1C71D28D40B00A02FA6 /* icon[1][2].png */,
				9A12F1C81D28D40B00A02FA6 /* icon[1][3].png */,
				9A12F1C91D28D40B00A02FA6 /* icon[2][0].png */,
				9A12F1CA1D28D40B00A02FA6 /* icon[2][1].png */,
				9A12F1CB1D28D40B00A02FA6 /* icon[2][2].png */,
				9A12F1CC1D28D40B00A02FA6 /* icon[2][3].png */,
				9A12F1CD1D28D40B00A02FA6 /* twitter.png */,
			);
			name = icon;
			sourceTree = "<group>";
		};
		9A12F1E01D28DB2600A02FA6 /* customs */ = {
			isa = PBXGroup;
			children = (
				9A12F1DE1D28DA7D00A02FA6 /* Button_Custom.swift */,
				9A12F1E11D28DB5500A02FA6 /* Label_custom.swift */,
				9A20540E1D28F49F00AF7500 /* textfield_custom.swift */,
				9A2054101D28F82400AF7500 /* scroll_custom.swift */,
			);
			name = customs;
			sourceTree = "<group>";
		};
		9AE9A7F41D1E987300319CED = {
			isa = PBXGroup;
			children = (
				9A818D771D1FC9060027DDFE /* CoreLocation.framework */,
				9AE9A7FF1D1E987300319CED /* kingdom */,
				9AE9A8141D1E987300319CED /* kingdomTests */,
				9AE9A81F1D1E987300319CED /* kingdomUITests */,
				9AE9A7FE1D1E987300319CED /* Products */,
				8E5F213A442AFC58E44E090E /* Pods */,
				03E8E5763B2C473B512A8704 /* Frameworks */,
			);
			sourceTree = "<group>";
		};
		9AE9A7FE1D1E987300319CED /* Products */ = {
			isa = PBXGroup;
			children = (
				9AE9A7FD1D1E987300319CED /* kingdom.app */,
				9AE9A8111D1E987300319CED /* kingdomTests.xctest */,
				9AE9A81C1D1E987300319CED /* kingdomUITests.xctest */,
			);
			name = Products;
			sourceTree = "<group>";
		};
		9AE9A7FF1D1E987300319CED /* kingdom */ = {
			isa = PBXGroup;
			children = (
				9A12F1E01D28DB2600A02FA6 /* customs */,
				9A12F1BE1D28D2BB00A02FA6 /* Images */,
				9AE9A8001D1E987300319CED /* AppDelegate.swift */,
				9AE9A8021D1E987300319CED /* ViewController.swift */,
				9A08B8731D1EBEE600CCACED /* RuleVC.swift */,
				9A08B8751D1EBEFE00CCACED /* WinVC.swift */,
				9A08B8771D1EBF0900CCACED /* LoseVC.swift */,
				9A08B8811D1F4D2400CCACED /* TopVC.swift */,
				9A08B8791D1EBF1D00CCACED /* WaitVC.swift */,
				9A08B87B1D1EBF3F00CCACED /* RunVC.swift */,
				9AFEAF011D27B4E600C808CE /* PeripheralManager.swift */,
				9A08B87D1D1EBF5100CCACED /* ActionVC.swift */,
				9AE9A8041D1E987300319CED /* Main.storyboard */,
				9AE9A8311D1E9B4000319CED /* newLogo.png */,
				9AE9A8071D1E987300319CED /* Assets.xcassets */,
				9AE9A8091D1E987300319CED /* LaunchScreen.storyboard */,
				9AE9A80C1D1E987300319CED /* Info.plist */,
				9A3543431D224927007CA8D4 /* kingdom-Bridging-Header.h */,
			);
			path = kingdom;
			sourceTree = "<group>";
		};
		9AE9A8141D1E987300319CED /* kingdomTests */ = {
			isa = PBXGroup;
			children = (
				9AE9A8151D1E987300319CED /* kingdomTests.swift */,
				9AE9A8171D1E987300319CED /* Info.plist */,
			);
			path = kingdomTests;
			sourceTree = "<group>";
		};
		9AE9A81F1D1E987300319CED /* kingdomUITests */ = {
			isa = PBXGroup;
			children = (
				9AE9A8201D1E987300319CED /* kingdomUITests.swift */,
				9AE9A8221D1E987300319CED /* Info.plist */,
			);
			path = kingdomUITests;
			sourceTree = "<group>";
		};
/* End PBXGroup section */

/* Begin PBXNativeTarget section */
		9AE9A7FC1D1E987300319CED /* kingdom */ = {
			isa = PBXNativeTarget;
			buildConfigurationList = 9AE9A8251D1E987300319CED /* Build configuration list for PBXNativeTarget "kingdom" */;
			buildPhases = (
				5BBCD7108B1D5484DF5F3CA4 /* [CP] Check Pods Manifest.lock */,
				9AE9A7F91D1E987300319CED /* Sources */,
				9AE9A7FA1D1E987300319CED /* Frameworks */,
				9AE9A7FB1D1E987300319CED /* Resources */,
				102C246E3CE9D6D169714043 /* [CP] Embed Pods Frameworks */,
				30B0654B5F89841C2A782389 /* [CP] Copy Pods Resources */,
			);
			buildRules = (
			);
			dependencies = (
			);
			name = kingdom;
			productName = kingdom;
			productReference = 9AE9A7FD1D1E987300319CED /* kingdom.app */;
			productType = "com.apple.product-type.application";
		};
		9AE9A8101D1E987300319CED /* kingdomTests */ = {
			isa = PBXNativeTarget;
			buildConfigurationList = 9AE9A8281D1E987300319CED /* Build configuration list for PBXNativeTarget "kingdomTests" */;
			buildPhases = (
				C67A29720F588A87E9CD0020 /* [CP] Check Pods Manifest.lock */,
				9AE9A80D1D1E987300319CED /* Sources */,
				9AE9A80E1D1E987300319CED /* Frameworks */,
				9AE9A80F1D1E987300319CED /* Resources */,
				7035D1F8C006BF47D60FC4AC /* [CP] Embed Pods Frameworks */,
				F12CB7FED0C3D9188C71147A /* [CP] Copy Pods Resources */,
			);
			buildRules = (
			);
			dependencies = (
				9AE9A8131D1E987300319CED /* PBXTargetDependency */,
			);
			name = kingdomTests;
			productName = kingdomTests;
			productReference = 9AE9A8111D1E987300319CED /* kingdomTests.xctest */;
			productType = "com.apple.product-type.bundle.unit-test";
		};
		9AE9A81B1D1E987300319CED /* kingdomUITests */ = {
			isa = PBXNativeTarget;
			buildConfigurationList = 9AE9A82B1D1E987300319CED /* Build configuration list for PBXNativeTarget "kingdomUITests" */;
			buildPhases = (
				90CE4BA2D974B0F8901E51D0 /* [CP] Check Pods Manifest.lock */,
				9AE9A8181D1E987300319CED /* Sources */,
				9AE9A8191D1E987300319CED /* Frameworks */,
				9AE9A81A1D1E987300319CED /* Resources */,
				86FFFB833BC1AD526CF2C04E /* [CP] Copy Pods Resources */,
			);
			buildRules = (
			);
			dependencies = (
				9AE9A81E1D1E987300319CED /* PBXTargetDependency */,
			);
			name = kingdomUITests;
			productName = kingdomUITests;
			productReference = 9AE9A81C1D1E987300319CED /* kingdomUITests.xctest */;
			productType = "com.apple.product-type.bundle.ui-testing";
		};
/* End PBXNativeTarget section */

/* Begin PBXProject section */
		9AE9A7F51D1E987300319CED /* Project object */ = {
			isa = PBXProject;
			attributes = {
				LastSwiftUpdateCheck = 0730;
				LastUpgradeCheck = 0730;
				ORGANIZATIONNAME = wakabayashi;
				TargetAttributes = {
					9AE9A7FC1D1E987300319CED = {
						CreatedOnToolsVersion = 7.3.1;
						DevelopmentTeam = R8YXP4L5MR;
					};
					9AE9A8101D1E987300319CED = {
						CreatedOnToolsVersion = 7.3.1;
						TestTargetID = 9AE9A7FC1D1E987300319CED;
					};
					9AE9A81B1D1E987300319CED = {
						CreatedOnToolsVersion = 7.3.1;
						TestTargetID = 9AE9A7FC1D1E987300319CED;
					};
				};
			};
			buildConfigurationList = 9AE9A7F81D1E987300319CED /* Build configuration list for PBXProject "kingdom" */;
			compatibilityVersion = "Xcode 3.2";
			developmentRegion = English;
			hasScannedForEncodings = 0;
			knownRegions = (
				en,
				Base,
			);
			mainGroup = 9AE9A7F41D1E987300319CED;
			productRefGroup = 9AE9A7FE1D1E987300319CED /* Products */;
			projectDirPath = "";
			projectRoot = "";
			targets = (
				9AE9A7FC1D1E987300319CED /* kingdom */,
				9AE9A8101D1E987300319CED /* kingdomTests */,
				9AE9A81B1D1E987300319CED /* kingdomUITests */,
			);
		};
/* End PBXProject section */

/* Begin PBXResourcesBuildPhase section */
		9AE9A7FB1D1E987300319CED /* Resources */ = {
			isa = PBXResourcesBuildPhase;
			buildActionMask = 2147483647;
			files = (
				9A12F1CF1D28D40B00A02FA6 /* icon[0][0].png in Resources */,
				9A12F1D51D28D40B00A02FA6 /* icon[1][2].png in Resources */,
				9AE9A80B1D1E987300319CED /* LaunchScreen.storyboard in Resources */,
				9AE9A8081D1E987300319CED /* Assets.xcassets in Resources */,
				9A12F1D01D28D40B00A02FA6 /* icon[0][1].png in Resources */,
				9A12F1D11D28D40B00A02FA6 /* icon[0][2].png in Resources */,
				9A12F1D81D28D40B00A02FA6 /* icon[2][1].png in Resources */,
				9A12F1CE1D28D40B00A02FA6 /* facebook.png in Resources */,
				9A12F1D21D28D40B00A02FA6 /* icon[0][3].png in Resources */,
				9A12F1D71D28D40B00A02FA6 /* icon[2][0].png in Resources */,
				9A12F1D41D28D40B00A02FA6 /* icon[1][1].png in Resources */,
				9A12F1D61D28D40B00A02FA6 /* icon[1][3].png in Resources */,
				9A12F1D31D28D40B00A02FA6 /* icon[1][0].png in Resources */,
				9AE9A8061D1E987300319CED /* Main.storyboard in Resources */,
				9A12F1D91D28D40B00A02FA6 /* icon[2][2].png in Resources */,
				9A12F1DB1D28D40B00A02FA6 /* twitter.png in Resources */,
				9A12F1DD1D28D54500A02FA6 /* titleLogo.png in Resources */,
				9AE9A8321D1E9B4000319CED /* newLogo.png in Resources */,
				9A12F1DA1D28D40B00A02FA6 /* icon[2][3].png in Resources */,
			);
			runOnlyForDeploymentPostprocessing = 0;
		};
		9AE9A80F1D1E987300319CED /* Resources */ = {
			isa = PBXResourcesBuildPhase;
			buildActionMask = 2147483647;
			files = (
			);
			runOnlyForDeploymentPostprocessing = 0;
		};
		9AE9A81A1D1E987300319CED /* Resources */ = {
			isa = PBXResourcesBuildPhase;
			buildActionMask = 2147483647;
			files = (
			);
			runOnlyForDeploymentPostprocessing = 0;
		};
/* End PBXResourcesBuildPhase section */

/* Begin PBXShellScriptBuildPhase section */
		102C246E3CE9D6D169714043 /* [CP] Embed Pods Frameworks */ = {
			isa = PBXShellScriptBuildPhase;
			buildActionMask = 2147483647;
			files = (
			);
			inputPaths = (
			);
			name = "[CP] Embed Pods Frameworks";
			outputPaths = (
			);
			runOnlyForDeploymentPostprocessing = 0;
			shellPath = /bin/sh;
			shellScript = "\"${SRCROOT}/Pods/Target Support Files/Pods-kingdom/Pods-kingdom-frameworks.sh\"\n";
			showEnvVarsInLog = 0;
		};
		30B0654B5F89841C2A782389 /* [CP] Copy Pods Resources */ = {
			isa = PBXShellScriptBuildPhase;
			buildActionMask = 2147483647;
			files = (
			);
			inputPaths = (
			);
			name = "[CP] Copy Pods Resources";
			outputPaths = (
			);
			runOnlyForDeploymentPostprocessing = 0;
			shellPath = /bin/sh;
			shellScript = "\"${SRCROOT}/Pods/Target Support Files/Pods-kingdom/Pods-kingdom-resources.sh\"\n";
			showEnvVarsInLog = 0;
		};
		5BBCD7108B1D5484DF5F3CA4 /* [CP] Check Pods Manifest.lock */ = {
			isa = PBXShellScriptBuildPhase;
			buildActionMask = 2147483647;
			files = (
			);
			inputPaths = (
			);
			name = "[CP] Check Pods Manifest.lock";
			outputPaths = (
			);
			runOnlyForDeploymentPostprocessing = 0;
			shellPath = /bin/sh;
			shellScript = "diff \"${PODS_ROOT}/../Podfile.lock\" \"${PODS_ROOT}/Manifest.lock\" > /dev/null\nif [[ $? != 0 ]] ; then\n    cat << EOM\nerror: The sandbox is not in sync with the Podfile.lock. Run 'pod install' or update your CocoaPods installation.\nEOM\n    exit 1\nfi\n";
			showEnvVarsInLog = 0;
		};
		7035D1F8C006BF47D60FC4AC /* [CP] Embed Pods Frameworks */ = {
			isa = PBXShellScriptBuildPhase;
			buildActionMask = 2147483647;
			files = (
			);
			inputPaths = (
			);
			name = "[CP] Embed Pods Frameworks";
			outputPaths = (
			);
			runOnlyForDeploymentPostprocessing = 0;
			shellPath = /bin/sh;
			shellScript = "\"${SRCROOT}/Pods/Target Support Files/Pods-kingdomTests/Pods-kingdomTests-frameworks.sh\"\n";
			showEnvVarsInLog = 0;
		};
		86FFFB833BC1AD526CF2C04E /* [CP] Copy Pods Resources */ = {
			isa = PBXShellScriptBuildPhase;
			buildActionMask = 2147483647;
			files = (
			);
			inputPaths = (
			);
			name = "[CP] Copy Pods Resources";
			outputPaths = (
			);
			runOnlyForDeploymentPostprocessing = 0;
			shellPath = /bin/sh;
			shellScript = "\"${SRCROOT}/Pods/Target Support Files/Pods-kingdomUITests/Pods-kingdomUITests-resources.sh\"\n";
			showEnvVarsInLog = 0;
		};
		90CE4BA2D974B0F8901E51D0 /* [CP] Check Pods Manifest.lock */ = {
			isa = PBXShellScriptBuildPhase;
			buildActionMask = 2147483647;
			files = (
			);
			inputPaths = (
			);
			name = "[CP] Check Pods Manifest.lock";
			outputPaths = (
			);
			runOnlyForDeploymentPostprocessing = 0;
			shellPath = /bin/sh;
			shellScript = "diff \"${PODS_ROOT}/../Podfile.lock\" \"${PODS_ROOT}/Manifest.lock\" > /dev/null\nif [[ $? != 0 ]] ; then\n    cat << EOM\nerror: The sandbox is not in sync with the Podfile.lock. Run 'pod install' or update your CocoaPods installation.\nEOM\n    exit 1\nfi\n";
			showEnvVarsInLog = 0;
		};
		C67A29720F588A87E9CD0020 /* [CP] Check Pods Manifest.lock */ = {
			isa = PBXShellScriptBuildPhase;
			buildActionMask = 2147483647;
			files = (
			);
			inputPaths = (
			);
			name = "[CP] Check Pods Manifest.lock";
			outputPaths = (
			);
			runOnlyForDeploymentPostprocessing = 0;
			shellPath = /bin/sh;
			shellScript = "diff \"${PODS_ROOT}/../Podfile.lock\" \"${PODS_ROOT}/Manifest.lock\" > /dev/null\nif [[ $? != 0 ]] ; then\n    cat << EOM\nerror: The sandbox is not in sync with the Podfile.lock. Run 'pod install' or update your CocoaPods installation.\nEOM\n    exit 1\nfi\n";
			showEnvVarsInLog = 0;
		};
		F12CB7FED0C3D9188C71147A /* [CP] Copy Pods Resources */ = {
			isa = PBXShellScriptBuildPhase;
			buildActionMask = 2147483647;
			files = (
			);
			inputPaths = (
			);
			name = "[CP] Copy Pods Resources";
			outputPaths = (
			);
			runOnlyForDeploymentPostprocessing = 0;
			shellPath = /bin/sh;
			shellScript = "\"${SRCROOT}/Pods/Target Support Files/Pods-kingdomTests/Pods-kingdomTests-resources.sh\"\n";
			showEnvVarsInLog = 0;
		};
/* End PBXShellScriptBuildPhase section */

/* Begin PBXSourcesBuildPhase section */
		9AE9A7F91D1E987300319CED /* Sources */ = {
			isa = PBXSourcesBuildPhase;
			buildActionMask = 2147483647;
			files = (
				9A08B8741D1EBEE600CCACED /* RuleVC.swift in Sources */,
				9A08B8821D1F4D2400CCACED /* TopVC.swift in Sources */,
				9A20540F1D28F49F00AF7500 /* textfield_custom.swift in Sources */,
				9A12F1DF1D28DA7D00A02FA6 /* Button_Custom.swift in Sources */,
				9AE9A8031D1E987300319CED /* ViewController.swift in Sources */,
				9A08B87A1D1EBF1D00CCACED /* WaitVC.swift in Sources */,
				9A08B87C1D1EBF3F00CCACED /* RunVC.swift in Sources */,
				9A2054111D28F82400AF7500 /* scroll_custom.swift in Sources */,
				9AFEAF021D27B4E600C808CE /* PeripheralManager.swift in Sources */,
				9A08B8781D1EBF0900CCACED /* LoseVC.swift in Sources */,
				9AE9A8011D1E987300319CED /* AppDelegate.swift in Sources */,
				9A08B87E1D1EBF5100CCACED /* ActionVC.swift in Sources */,
				9A08B8761D1EBEFE00CCACED /* WinVC.swift in Sources */,
				9A12F1E21D28DB5500A02FA6 /* Label_custom.swift in Sources */,
			);
			runOnlyForDeploymentPostprocessing = 0;
		};
		9AE9A80D1D1E987300319CED /* Sources */ = {
			isa = PBXSourcesBuildPhase;
			buildActionMask = 2147483647;
			files = (
				9AE9A8161D1E987300319CED /* kingdomTests.swift in Sources */,
			);
			runOnlyForDeploymentPostprocessing = 0;
		};
		9AE9A8181D1E987300319CED /* Sources */ = {
			isa = PBXSourcesBuildPhase;
			buildActionMask = 2147483647;
			files = (
				9AE9A8211D1E987300319CED /* kingdomUITests.swift in Sources */,
			);
			runOnlyForDeploymentPostprocessing = 0;
		};
/* End PBXSourcesBuildPhase section */

/* Begin PBXTargetDependency section */
		9AE9A8131D1E987300319CED /* PBXTargetDependency */ = {
			isa = PBXTargetDependency;
			target = 9AE9A7FC1D1E987300319CED /* kingdom */;
			targetProxy = 9AE9A8121D1E987300319CED /* PBXContainerItemProxy */;
		};
		9AE9A81E1D1E987300319CED /* PBXTargetDependency */ = {
			isa = PBXTargetDependency;
			target = 9AE9A7FC1D1E987300319CED /* kingdom */;
			targetProxy = 9AE9A81D1D1E987300319CED /* PBXContainerItemProxy */;
		};
/* End PBXTargetDependency section */

/* Begin PBXVariantGroup section */
		9AE9A8041D1E987300319CED /* Main.storyboard */ = {
			isa = PBXVariantGroup;
			children = (
				9AE9A8051D1E987300319CED /* Base */,
			);
			name = Main.storyboard;
			sourceTree = "<group>";
		};
		9AE9A8091D1E987300319CED /* LaunchScreen.storyboard */ = {
			isa = PBXVariantGroup;
			children = (
				9AE9A80A1D1E987300319CED /* Base */,
			);
			name = LaunchScreen.storyboard;
			sourceTree = "<group>";
		};
/* End PBXVariantGroup section */

/* Begin XCBuildConfiguration section */
		9AE9A8231D1E987300319CED /* Debug */ = {
			isa = XCBuildConfiguration;
			buildSettings = {
				ALWAYS_SEARCH_USER_PATHS = NO;
				CLANG_ANALYZER_NONNULL = YES;
				CLANG_CXX_LANGUAGE_STANDARD = "gnu++0x";
				CLANG_CXX_LIBRARY = "libc++";
				CLANG_ENABLE_MODULES = YES;
				CLANG_ENABLE_OBJC_ARC = YES;
				CLANG_WARN_BOOL_CONVERSION = YES;
				CLANG_WARN_CONSTANT_CONVERSION = YES;
				CLANG_WARN_DIRECT_OBJC_ISA_USAGE = YES_ERROR;
				CLANG_WARN_EMPTY_BODY = YES;
				CLANG_WARN_ENUM_CONVERSION = YES;
				CLANG_WARN_INT_CONVERSION = YES;
				CLANG_WARN_OBJC_ROOT_CLASS = YES_ERROR;
				CLANG_WARN_UNREACHABLE_CODE = YES;
				CLANG_WARN__DUPLICATE_METHOD_MATCH = YES;
				"CODE_SIGN_IDENTITY[sdk=iphoneos*]" = "iPhone Developer";
				COPY_PHASE_STRIP = NO;
				DEBUG_INFORMATION_FORMAT = dwarf;
				ENABLE_STRICT_OBJC_MSGSEND = YES;
				ENABLE_TESTABILITY = YES;
				GCC_C_LANGUAGE_STANDARD = gnu99;
				GCC_DYNAMIC_NO_PIC = NO;
				GCC_NO_COMMON_BLOCKS = YES;
				GCC_OPTIMIZATION_LEVEL = 0;
				GCC_PREPROCESSOR_DEFINITIONS = (
					"DEBUG=1",
					"$(inherited)",
				);
				GCC_WARN_64_TO_32_BIT_CONVERSION = YES;
				GCC_WARN_ABOUT_RETURN_TYPE = YES_ERROR;
				GCC_WARN_UNDECLARED_SELECTOR = YES;
				GCC_WARN_UNINITIALIZED_AUTOS = YES_AGGRESSIVE;
				GCC_WARN_UNUSED_FUNCTION = YES;
				GCC_WARN_UNUSED_VARIABLE = YES;
				IPHONEOS_DEPLOYMENT_TARGET = 9.3;
				MTL_ENABLE_DEBUG_INFO = YES;
				ONLY_ACTIVE_ARCH = YES;
				SDKROOT = iphoneos;
				SWIFT_OPTIMIZATION_LEVEL = "-Onone";
				TARGETED_DEVICE_FAMILY = "1,2";
			};
			name = Debug;
		};
		9AE9A8241D1E987300319CED /* Release */ = {
			isa = XCBuildConfiguration;
			buildSettings = {
				ALWAYS_SEARCH_USER_PATHS = NO;
				CLANG_ANALYZER_NONNULL = YES;
				CLANG_CXX_LANGUAGE_STANDARD = "gnu++0x";
				CLANG_CXX_LIBRARY = "libc++";
				CLANG_ENABLE_MODULES = YES;
				CLANG_ENABLE_OBJC_ARC = YES;
				CLANG_WARN_BOOL_CONVERSION = YES;
				CLANG_WARN_CONSTANT_CONVERSION = YES;
				CLANG_WARN_DIRECT_OBJC_ISA_USAGE = YES_ERROR;
				CLANG_WARN_EMPTY_BODY = YES;
				CLANG_WARN_ENUM_CONVERSION = YES;
				CLANG_WARN_INT_CONVERSION = YES;
				CLANG_WARN_OBJC_ROOT_CLASS = YES_ERROR;
				CLANG_WARN_UNREACHABLE_CODE = YES;
				CLANG_WARN__DUPLICATE_METHOD_MATCH = YES;
				"CODE_SIGN_IDENTITY[sdk=iphoneos*]" = "iPhone Developer";
				COPY_PHASE_STRIP = NO;
				DEBUG_INFORMATION_FORMAT = "dwarf-with-dsym";
				ENABLE_NS_ASSERTIONS = NO;
				ENABLE_STRICT_OBJC_MSGSEND = YES;
				GCC_C_LANGUAGE_STANDARD = gnu99;
				GCC_NO_COMMON_BLOCKS = YES;
				GCC_WARN_64_TO_32_BIT_CONVERSION = YES;
				GCC_WARN_ABOUT_RETURN_TYPE = YES_ERROR;
				GCC_WARN_UNDECLARED_SELECTOR = YES;
				GCC_WARN_UNINITIALIZED_AUTOS = YES_AGGRESSIVE;
				GCC_WARN_UNUSED_FUNCTION = YES;
				GCC_WARN_UNUSED_VARIABLE = YES;
				IPHONEOS_DEPLOYMENT_TARGET = 9.3;
				MTL_ENABLE_DEBUG_INFO = NO;
				SDKROOT = iphoneos;
				TARGETED_DEVICE_FAMILY = "1,2";
				VALIDATE_PRODUCT = YES;
			};
			name = Release;
		};
		9AE9A8261D1E987300319CED /* Debug */ = {
			isa = XCBuildConfiguration;
			baseConfigurationReference = AA9032F2215AE48488A1708F /* Pods-kingdom.debug.xcconfig */;
			buildSettings = {
				ASSETCATALOG_COMPILER_APPICON_NAME = AppIcon;
				CLANG_ENABLE_MODULES = YES;
				CODE_SIGN_IDENTITY = "iPhone Developer";
				"CODE_SIGN_IDENTITY[sdk=iphoneos*]" = "iPhone Developer";
				INFOPLIST_FILE = kingdom/Info.plist;
				IPHONEOS_DEPLOYMENT_TARGET = 9.0;
				LD_RUNPATH_SEARCH_PATHS = "$(inherited) @executable_path/Frameworks";
				PRODUCT_BUNDLE_IDENTIFIER = com.wakabayashi.kingdom;
				PRODUCT_NAME = "$(TARGET_NAME)";
				PROVISIONING_PROFILE = "";
				SWIFT_OBJC_BRIDGING_HEADER = "kingdom/kingdom-Bridging-Header.h";
				SWIFT_OPTIMIZATION_LEVEL = "-Onone";
			};
			name = Debug;
		};
		9AE9A8271D1E987300319CED /* Release */ = {
			isa = XCBuildConfiguration;
			baseConfigurationReference = 54D4A63321E39F4285FBBC77 /* Pods-kingdom.release.xcconfig */;
			buildSettings = {
				ASSETCATALOG_COMPILER_APPICON_NAME = AppIcon;
				CLANG_ENABLE_MODULES = YES;
				CODE_SIGN_IDENTITY = "iPhone Developer";
				"CODE_SIGN_IDENTITY[sdk=iphoneos*]" = "iPhone Developer";
				INFOPLIST_FILE = kingdom/Info.plist;
				IPHONEOS_DEPLOYMENT_TARGET = 9.0;
				LD_RUNPATH_SEARCH_PATHS = "$(inherited) @executable_path/Frameworks";
				PRODUCT_BUNDLE_IDENTIFIER = com.wakabayashi.kingdom;
				PRODUCT_NAME = "$(TARGET_NAME)";
				PROVISIONING_PROFILE = "";
				SWIFT_OBJC_BRIDGING_HEADER = "kingdom/kingdom-Bridging-Header.h";
			};
			name = Release;
		};
		9AE9A8291D1E987300319CED /* Debug */ = {
			isa = XCBuildConfiguration;
			baseConfigurationReference = 9FFD4274B3824764E53E072F /* Pods-kingdomTests.debug.xcconfig */;
			buildSettings = {
				BUNDLE_LOADER = "$(TEST_HOST)";
				INFOPLIST_FILE = kingdomTests/Info.plist;
				LD_RUNPATH_SEARCH_PATHS = "$(inherited) @executable_path/Frameworks @loader_path/Frameworks";
				PRODUCT_BUNDLE_IDENTIFIER = "com.-wakabayashi.kingdomTests";
				PRODUCT_NAME = "$(TARGET_NAME)";
				TEST_HOST = "$(BUILT_PRODUCTS_DIR)/kingdom.app/kingdom";
			};
			name = Debug;
		};
		9AE9A82A1D1E987300319CED /* Release */ = {
			isa = XCBuildConfiguration;
			baseConfigurationReference = B0959C49D827A6E0CB8CC25D /* Pods-kingdomTests.release.xcconfig */;
			buildSettings = {
				BUNDLE_LOADER = "$(TEST_HOST)";
				INFOPLIST_FILE = kingdomTests/Info.plist;
				LD_RUNPATH_SEARCH_PATHS = "$(inherited) @executable_path/Frameworks @loader_path/Frameworks";
				PRODUCT_BUNDLE_IDENTIFIER = "com.-wakabayashi.kingdomTests";
				PRODUCT_NAME = "$(TARGET_NAME)";
				TEST_HOST = "$(BUILT_PRODUCTS_DIR)/kingdom.app/kingdom";
			};
			name = Release;
		};
		9AE9A82C1D1E987300319CED /* Debug */ = {
			isa = XCBuildConfiguration;
			baseConfigurationReference = 9FD3CE9C9155A4B7A01E1688 /* Pods-kingdomUITests.debug.xcconfig */;
			buildSettings = {
				INFOPLIST_FILE = kingdomUITests/Info.plist;
				LD_RUNPATH_SEARCH_PATHS = "$(inherited) @executable_path/Frameworks @loader_path/Frameworks";
				PRODUCT_BUNDLE_IDENTIFIER = "com.-wakabayashi.kingdomUITests";
				PRODUCT_NAME = "$(TARGET_NAME)";
				TEST_TARGET_NAME = kingdom;
			};
			name = Debug;
		};
		9AE9A82D1D1E987300319CED /* Release */ = {
			isa = XCBuildConfiguration;
			baseConfigurationReference = 9A67F53904005CE23B97E9EA /* Pods-kingdomUITests.release.xcconfig */;
			buildSettings = {
				INFOPLIST_FILE = kingdomUITests/Info.plist;
				LD_RUNPATH_SEARCH_PATHS = "$(inherited) @executable_path/Frameworks @loader_path/Frameworks";
				PRODUCT_BUNDLE_IDENTIFIER = "com.-wakabayashi.kingdomUITests";
				PRODUCT_NAME = "$(TARGET_NAME)";
				TEST_TARGET_NAME = kingdom;
			};
			name = Release;
		};
/* End XCBuildConfiguration section */

/* Begin XCConfigurationList section */
		9AE9A7F81D1E987300319CED /* Build configuration list for PBXProject "kingdom" */ = {
			isa = XCConfigurationList;
			buildConfigurations = (
				9AE9A8231D1E987300319CED /* Debug */,
				9AE9A8241D1E987300319CED /* Release */,
			);
			defaultConfigurationIsVisible = 0;
			defaultConfigurationName = Release;
		};
		9AE9A8251D1E987300319CED /* Build configuration list for PBXNativeTarget "kingdom" */ = {
			isa = XCConfigurationList;
			buildConfigurations = (
				9AE9A8261D1E987300319CED /* Debug */,
				9AE9A8271D1E987300319CED /* Release */,
			);
			defaultConfigurationIsVisible = 0;
			defaultConfigurationName = Release;
		};
		9AE9A8281D1E987300319CED /* Build configuration list for PBXNativeTarget "kingdomTests" */ = {
			isa = XCConfigurationList;
			buildConfigurations = (
				9AE9A8291D1E987300319CED /* Debug */,
				9AE9A82A1D1E987300319CED /* Release */,
			);
			defaultConfigurationIsVisible = 0;
			defaultConfigurationName = Release;
		};
		9AE9A82B1D1E987300319CED /* Build configuration list for PBXNativeTarget "kingdomUITests" */ = {
			isa = XCConfigurationList;
			buildConfigurations = (
				9AE9A82C1D1E987300319CED /* Debug */,
				9AE9A82D1D1E987300319CED /* Release */,
			);
			defaultConfigurationIsVisible = 0;
			defaultConfigurationName = Release;
		};
/* End XCConfigurationList section */
	};
	rootObject = 9AE9A7F51D1E987300319CED /* Project object */;
}
